
Microsoft Visual Studio Solution File, Format Version 12.00
# Visual Studio Version 16
VisualStudioVersion = 16.0.30804.86
MinimumVisualStudioVersion = 10.0.40219.1
Project("{8BC9CEB8-8B4A-11D0-8D11-00A0C91BC942}") = "trie-tree_print-words", "trie-tree_print-words\trie-tree_print-words.vcxproj", "{708D6B8D-25E9-43CA-A572-2F13E3303AB2}"
EndProject
Global
	GlobalSection(SolutionConfigurationPlatforms) = preSolution
		Debug|x64 = Debug|x64
		Debug|x86 = Debug|x86
		Release|x64 = Release|x64
		Release|x86 = Release|x86
	EndGlobalSection
	GlobalSection(ProjectConfigurationPlatforms) = postSolution
		{708D6B8D-25E9-43CA-A572-2F13E3303AB2}.Debug|x64.ActiveCfg = Debug|x64
		{708D6B8D-25E9-43CA-A572-2F13E3303AB2}.Debug|x64.Build.0 = Debug|x64
		{708D6B8D-25E9-43CA-A572-2F13E3303AB2}.Debug|x86.ActiveCfg = Debug|Win32
		{708D6B8D-25E9-43CA-A572-2F13E3303AB2}.Debug|x86.Build.0 = Debug|Win32
		{708D6B8D-25E9-43CA-A572-2F13E3303AB2}.Release|x64.ActiveCfg = Release|x64
		{708D6B8D-25E9-43CA-A572-2F13E3303AB2}.Release|x64.Build.0 = Release|x64
		{708D6B8D-25E9-43CA-A572-2F13E3303AB2}.Release|x86.ActiveCfg = Release|Win32
		{708D6B8D-25E9-43CA-A572-2F13E3303AB2}.Release|x86.Build.0 = Release|Win32
	EndGlobalSection
	GlobalSection(SolutionProperties) = preSolution
		HideSolutionNode = FALSE
	EndGlobalSection
	GlobalSection(ExtensibilityGlobals) = postSolution
		SolutionGuid = {C89400CE-004E-4427-9168-04E4456B0E9F}
	EndGlobalSection
EndGlobal
